
Microsoft Visual Studio Solution File, Format Version 12.00
# Visual Studio Version 16
VisualStudioVersion = 16.0.30621.155
MinimumVisualStudioVersion = 10.0.40219.1
Project("{9A19103F-16F7-4668-BE54-9A1E7A4F7556}") = "FootballManager", "FootballManager.csproj", "{FFE6E1DE-A704-486D-8323-F169A092C748}"
EndProject
Project("{FAE04EC0-301F-11D3-BF4B-00C04F79EFBC}") = "FootballManagerTests", "..\FootballManagerTests\FootballManagerTests.csproj", "{7CE50B50-16FE-48CB-9462-0EAD50522D2A}"
EndProject
Global
	GlobalSection(SolutionConfigurationPlatforms) = preSolution
		Debug|Any CPU = Debug|Any CPU
		Release|Any CPU = Release|Any CPU
	EndGlobalSection
	GlobalSection(ProjectConfigurationPlatforms) = postSolution
		{FFE6E1DE-A704-486D-8323-F169A092C748}.Debug|Any CPU.ActiveCfg = Debug|Any CPU
		{FFE6E1DE-A704-486D-8323-F169A092C748}.Debug|Any CPU.Build.0 = Debug|Any CPU
		{FFE6E1DE-A704-486D-8323-F169A092C748}.Release|Any CPU.ActiveCfg = Release|Any CPU
		{FFE6E1DE-A704-486D-8323-F169A092C748}.Release|Any CPU.Build.0 = Release|Any CPU
		{7CE50B50-16FE-48CB-9462-0EAD50522D2A}.Debug|Any CPU.ActiveCfg = Debug|Any CPU
		{7CE50B50-16FE-48CB-9462-0EAD50522D2A}.Debug|Any CPU.Build.0 = Debug|Any CPU
		{7CE50B50-16FE-48CB-9462-0EAD50522D2A}.Release|Any CPU.ActiveCfg = Release|Any CPU
		{7CE50B50-16FE-48CB-9462-0EAD50522D2A}.Release|Any CPU.Build.0 = Release|Any CPU
	EndGlobalSection
	GlobalSection(SolutionProperties) = preSolution
		HideSolutionNode = FALSE
	EndGlobalSection
	GlobalSection(ExtensibilityGlobals) = postSolution
		SolutionGuid = {5474DEB0-B5BC-49C9-B4AB-B0D99D94BF8A}
	EndGlobalSection
EndGlobal
